{
  "version": 2,
  "dependencies": {
    ".NETStandard,Version=v2.1": {
      "EasyBuild.PackageReleaseNotes.Tasks": {
        "type": "Direct",
        "requested": "[2.1.0, )",
        "resolved": "2.1.0",
        "contentHash": "1hMVtdIKNfHZA2Zw7L33Y1ZL/3DTK4NSy5gDaNfy2Emp753QxZoqNAPGNxv9MViqfpM62HwEIFZkUW4dCToHVg=="
      },
      "Fable.Core": {
        "type": "Direct",
        "requested": "[5.2.0, )",
        "resolved": "5.2.0",
        "contentHash": "3+HVoyYMjPGeKJEhMzRti0coDS6AkLVOWXmGwSvqokeTuwdZLyiKMoNgQrE6ZeJ0cSy9qHBB4VBpw5RAfb6zmQ==",
        "dependencies": {
          "FSharp.Core": "4.7.2"
        }
      },
      "Fable.Package.SDK": {
        "type": "Direct",
        "requested": "[1.4.0, )",
        "resolved": "1.4.0",
        "contentHash": "Bj7mRtJXQQyQueOKNfQ4M5Vdg7BWbCpB5IVzIUYbKAicGlTgw1OvH8q0pv0S+DSvm1JwgEEFDXYklJc6GT3i3A=="
      },
      "FSharp.Core": {
        "type": "Direct",
        "requested": "[10.1.301, )",
        "resolved": "10.1.301",
        "contentHash": "excLf2zM/qUB3WhRUfI0xvOOaPwcRAEdYT/BXe9eiTKySnWVuIKMQTf5+6ETy5nsb1dpLp1s2j2yAM/XcRgFMg=="
      },
      "Glutinum.Web": {
        "type": "Direct",
        "requested": "[1.0.0-beta.6, )",
        "resolved": "1.0.0-beta.6",
        "contentHash": "RuJCi1wIff8sZpWyWlrLK0m6QbVBoYcddiMBZoROyp8tUOl4wqvwMARepQHwdv/BftpdT1teF40wPxDsbA24nQ==",
        "dependencies": {
          "FSharp.Core": "10.1.301",
          "Fable.Core": "5.2.0",
          "Glutinum.Types": "1.0.0-beta.4"
        }
      },
      "Fable.AST": {
        "type": "Transitive",
        "resolved": "5.0.0",
        "contentHash": "x6s0UlpG4SIR+c36YsuXL7RK6y3aKntbIEbEm+ZbwdEd8C6A0y8Dzfsrbp5xoKsNcpCrj4LVisLoN33eFixAng=="
      },
      "fable.ripple": {
        "type": "Project",
        "dependencies": {
          "FSharp.Core": "[10.1.301, )",
          "Fable.Core": "[5.2.0, )"
        }
      },
      "fable.ripple.plugin": {
        "type": "Project",
        "dependencies": {
          "Fable.AST": "[5.0.0, )"
        }
      },
      "Glutinum.Types": {
        "type": "CentralTransitive",
        "requested": "[1.0.0-beta.4, )",
        "resolved": "1.0.0-beta.4",
        "contentHash": "EgyktmIcqldwUD3qMFja26i1jwcCMm98C6Ecnbqlq2C8udcJX4SE/5VVJQtig2agq/BG0YUWWqp2O6VsUeRl1w==",
        "dependencies": {
          "FSharp.Core": "10.1.301",
          "Fable.Core": "5.2.0"
        }
      }
    }
  }
}