{
  "version": 2,
  "dependencies": {
    "net10.0": {
      "FSharp.Core": {
        "type": "Direct",
        "requested": "[10.1.301, )",
        "resolved": "10.1.301",
        "contentHash": "excLf2zM/qUB3WhRUfI0xvOOaPwcRAEdYT/BXe9eiTKySnWVuIKMQTf5+6ETy5nsb1dpLp1s2j2yAM/XcRgFMg=="
      },
      "Scriptorium.Hedgehog": {
        "type": "Direct",
        "requested": "[0.4.0, )",
        "resolved": "0.4.0",
        "contentHash": "qJq2AH2ZkO8CwKakjdJpzOfITObyEik0igLYZmqyexNH/EudzobCC1LH8fFQMnJ/e1X9yWmoqRrHh1wDHArfXQ==",
        "dependencies": {
          "FSharp.Core": "10.0.101",
          "Fable.Core": "5.2.0",
          "Hedgehog": "2.0.4",
          "Scriptorium.Quill": "0.5.1"
        }
      },
      "Scriptorium.Nib": {
        "type": "Direct",
        "requested": "[0.4.1, )",
        "resolved": "0.4.1",
        "contentHash": "UDZbD1o7hosNjPlMiLPYGtFZRb+2Rp2c+HXbxfGX3YaouS5j6ZXqTFqLURabIcMnrFIn9MwmDH9WGGZLxPp1Rw==",
        "dependencies": {
          "FSharp.Core": "10.0.101",
          "Scriptorium.Ink": "0.5.0"
        }
      },
      "Scriptorium.Quill": {
        "type": "Direct",
        "requested": "[0.7.1, )",
        "resolved": "0.7.1",
        "contentHash": "Fgy7GumQgehmhOiBnIubm8tYLGHOHr33DF2r2bxE+iiGH4NbuwKljYF5V3MGTdMMBG8oLjgICKWSS0+Pp5cxvg==",
        "dependencies": {
          "FSharp.Core": "10.0.101",
          "Fable.Core": "5.2.0",
          "Scriptorium.Ink": "0.5.0",
          "Scriptorium.Nib": "0.4.1",
          "Scriptorium.Parchment": "0.6.1"
        }
      },
      "Hedgehog": {
        "type": "Transitive",
        "resolved": "2.0.4",
        "contentHash": "1i9P9indoy02mB3Xf/6FCcr3hy/d9kXh4zzgoUdGaxfP+O8qzSNv5Sn0Latddj7v0i3IyWT9ssj4aS653CY7pw==",
        "dependencies": {
          "FSharp.Core": "8.0.403",
          "TypeShape": "9.0.0"
        }
      },
      "Scriptorium.Ink": {
        "type": "Transitive",
        "resolved": "0.5.0",
        "contentHash": "yWZx3xl7QHyFf0kZCQOF0C1AkVO4YfY1VxxICZC4MI9PDgHWXdLtxrMIP2Hu4DREzoEvWRjjkA3A1IbSk5a6QA==",
        "dependencies": {
          "FSharp.Core": "10.0.101",
          "Fable.Core": "5.2.0"
        }
      },
      "Scriptorium.Parchment": {
        "type": "Transitive",
        "resolved": "0.6.1",
        "contentHash": "jDtjiSHD66Vv6TjYn+WYY0UQRmBjoNL1OHHG/JRJWkurrrSIaBGaZfaIhRF8lIXoOCA4o3T7so7DbDPF8LpCdg==",
        "dependencies": {
          "FSharp.Core": "10.0.101",
          "Fable.Core": "5.2.0",
          "Scriptorium.Ink": "0.5.0"
        }
      },
      "TypeShape": {
        "type": "Transitive",
        "resolved": "9.0.0",
        "contentHash": "TFBwzUVpnJT8W4UAGNb0uQ+ZtA9wKUOZA9a825DzOZ0ejUFmLKF/QOVhMt6x9d1TsP1TxuUs/aYilKPCnttryg==",
        "dependencies": {
          "FSharp.Core": "4.3.2"
        }
      },
      "fable.urlparser": {
        "type": "Project",
        "dependencies": {
          "FSharp.Core": "[10.1.301, )",
          "Fable.Core": "[5.2.0, )"
        }
      },
      "Fable.Core": {
        "type": "CentralTransitive",
        "requested": "[5.2.0, )",
        "resolved": "5.2.0",
        "contentHash": "3+HVoyYMjPGeKJEhMzRti0coDS6AkLVOWXmGwSvqokeTuwdZLyiKMoNgQrE6ZeJ0cSy9qHBB4VBpw5RAfb6zmQ==",
        "dependencies": {
          "FSharp.Core": "4.7.2"
        }
      }
    }
  }
}